
Microsoft Visual Studio Solution File, Format Version 12.00
# Visual Studio Version 17
VisualStudioVersion = 17.7.34009.444
MinimumVisualStudioVersion = 10.0.40219.1
Project("{FAE04EC0-301F-11D3-BF4B-00C04F79EFBC}") = "MagicVilla_API", "MagicVilla_API\MagicVilla_API.csproj", "{D4BB6C02-7051-4430-86B1-CBBC6560F444}"
EndProject
Global
	GlobalSection(SolutionConfigurationPlatforms) = preSolution
		Debug|Any CPU = Debug|Any CPU
		Release|Any CPU = Release|Any CPU
	EndGlobalSection
	GlobalSection(ProjectConfigurationPlatforms) = postSolution
		{D4BB6C02-7051-4430-86B1-CBBC6560F444}.Debug|Any CPU.ActiveCfg = Debug|Any CPU
		{D4BB6C02-7051-4430-86B1-CBBC6560F444}.Debug|Any CPU.Build.0 = Debug|Any CPU
		{D4BB6C02-7051-4430-86B1-CBBC6560F444}.Release|Any CPU.ActiveCfg = Release|Any CPU
		{D4BB6C02-7051-4430-86B1-CBBC6560F444}.Release|Any CPU.Build.0 = Release|Any CPU
	EndGlobalSection
	GlobalSection(SolutionProperties) = preSolution
		HideSolutionNode = FALSE
	EndGlobalSection
	GlobalSection(ExtensibilityGlobals) = postSolution
		SolutionGuid = {FCA6DB52-EB28-43AA-8399-A1475E330FC5}
	EndGlobalSection
EndGlobal
